
Microsoft Visual Studio Solution File, Format Version 12.00
# Visual Studio Version 17
VisualStudioVersion = 17.9.34310.174
MinimumVisualStudioVersion = 10.0.40219.1
Project("{FAE04EC0-301F-11D3-BF4B-00C04F79EFBC}") = "ClassLibrary1", "ClassLibrary1\ClassLibrary1.csproj", "{13B41F80-986A-4E03-B4BF-10FB9217F53B}"
EndProject
Global
	GlobalSection(SolutionConfigurationPlatforms) = preSolution
		Debug|Any CPU = Debug|Any CPU
		Release|Any CPU = Release|Any CPU
	EndGlobalSection
	GlobalSection(ProjectConfigurationPlatforms) = postSolution
		{13B41F80-986A-4E03-B4BF-10FB9217F53B}.Debug|Any CPU.ActiveCfg = Debug|Any CPU
		{13B41F80-986A-4E03-B4BF-10FB9217F53B}.Debug|Any CPU.Build.0 = Debug|Any CPU
		{13B41F80-986A-4E03-B4BF-10FB9217F53B}.Release|Any CPU.ActiveCfg = Release|Any CPU
		{13B41F80-986A-4E03-B4BF-10FB9217F53B}.Release|Any CPU.Build.0 = Release|Any CPU
	EndGlobalSection
	GlobalSection(SolutionProperties) = preSolution
		HideSolutionNode = FALSE
	EndGlobalSection
	GlobalSection(ExtensibilityGlobals) = postSolution
		SolutionGuid = {8D7D2EA0-0C9B-4569-9FF0-DBE88648B003}
	EndGlobalSection
EndGlobal
